{
  "object": {
    "pins": [
      {
        "package": "pyTanks.SwiftPlayer",
        "repositoryURL": "https://github.com/matthewseaman/pyTanks.SwiftPlayer",
        "state": {
          "branch": null,
          "revision": "908e736375545bc89c14256968236a500f00b06a",
          "version": "2.0.0"
        }
      },
      {
        "package": "Starscream",
        "repositoryURL": "https://github.com/daltoniam/Starscream.git",
        "state": {
          "branch": null,
          "revision": "ebdc260ea64e68f7569c62e8744b5cd15d3a49d6",
          "version": "3.0.6"
        }
      }
    ]
  },
  "version": 1
}
